
Microsoft Visual Studio Solution File, Format Version 12.00
# Visual Studio Version 17
VisualStudioVersion = 17.6.33829.357
MinimumVisualStudioVersion = 10.0.40219.1
Project("{FAE04EC0-301F-11D3-BF4B-00C04F79EFBC}") = "app101-api", "app101-api\app101-api.csproj", "{AA22752E-9BEB-4849-B1FB-C6A643AB3039}"
EndProject
Global
	GlobalSection(SolutionConfigurationPlatforms) = preSolution
		Debug|Any CPU = Debug|Any CPU
		Release|Any CPU = Release|Any CPU
	EndGlobalSection
	GlobalSection(ProjectConfigurationPlatforms) = postSolution
		{AA22752E-9BEB-4849-B1FB-C6A643AB3039}.Debug|Any CPU.ActiveCfg = Debug|Any CPU
		{AA22752E-9BEB-4849-B1FB-C6A643AB3039}.Debug|Any CPU.Build.0 = Debug|Any CPU
		{AA22752E-9BEB-4849-B1FB-C6A643AB3039}.Release|Any CPU.ActiveCfg = Release|Any CPU
		{AA22752E-9BEB-4849-B1FB-C6A643AB3039}.Release|Any CPU.Build.0 = Release|Any CPU
	EndGlobalSection
	GlobalSection(SolutionProperties) = preSolution
		HideSolutionNode = FALSE
	EndGlobalSection
	GlobalSection(ExtensibilityGlobals) = postSolution
		SolutionGuid = {A8404964-B8E6-4717-8575-61A2BE0CC2CD}
	EndGlobalSection
EndGlobal
